{
  "name": "Server",
  "lockfileVersion": 2,
  "requires": true,
  "packages": {
    "": {
      "dependencies": {
        "base-converter": "^1.1.2"
      }
    },
    "node_modules/base-converter": {
      "version": "1.1.2",
      "resolved": "https://registry.npmjs.org/base-converter/-/base-converter-1.1.2.tgz",
      "integrity": "sha1-Or1BfGJ3wovD3ttqwa8W1LcgYVo=",
      "engines": {
        "node": ">= 0.4"
      }
    }
  },
  "dependencies": {
    "base-converter": {
      "version": "1.1.2",
      "resolved": "https://registry.npmjs.org/base-converter/-/base-converter-1.1.2.tgz",
      "integrity": "sha1-Or1BfGJ3wovD3ttqwa8W1LcgYVo="
    }
  }
}
